
Microsoft Visual Studio Solution File, Format Version 12.00
# Visual Studio Version 16
VisualStudioVersion = 16.0.29418.71
MinimumVisualStudioVersion = 10.0.40219.1
Project("{FAE04EC0-301F-11D3-BF4B-00C04F79EFBC}") = "BookyApi", "Booky\BookyApi.csproj", "{2699F5AF-E639-4422-BB3D-547437CFF34E}"
EndProject
Global
	GlobalSection(SolutionConfigurationPlatforms) = preSolution
		Debug|Any CPU = Debug|Any CPU
		Release|Any CPU = Release|Any CPU
	EndGlobalSection
	GlobalSection(ProjectConfigurationPlatforms) = postSolution
		{2699F5AF-E639-4422-BB3D-547437CFF34E}.Debug|Any CPU.ActiveCfg = Debug|Any CPU
		{2699F5AF-E639-4422-BB3D-547437CFF34E}.Debug|Any CPU.Build.0 = Debug|Any CPU
		{2699F5AF-E639-4422-BB3D-547437CFF34E}.Release|Any CPU.ActiveCfg = Release|Any CPU
		{2699F5AF-E639-4422-BB3D-547437CFF34E}.Release|Any CPU.Build.0 = Release|Any CPU
	EndGlobalSection
	GlobalSection(SolutionProperties) = preSolution
		HideSolutionNode = FALSE
	EndGlobalSection
	GlobalSection(ExtensibilityGlobals) = postSolution
		SolutionGuid = {FA3FCE99-AD31-4ED5-BCF7-7ECAFE1C6C39}
	EndGlobalSection
EndGlobal
